
Microsoft Visual Studio Solution File, Format Version 12.00
# Visual Studio Version 17
VisualStudioVersion = 17.4.33213.308
MinimumVisualStudioVersion = 10.0.40219.1
Project("{FAE04EC0-301F-11D3-BF4B-00C04F79EFBC}") = "count_islands_by_binary", "count_islands_by_binary\count_islands_by_binary.csproj", "{A2011676-2031-4FD5-BA78-C671E8B2C956}"
EndProject
Global
	GlobalSection(SolutionConfigurationPlatforms) = preSolution
		Debug|Any CPU = Debug|Any CPU
		Release|Any CPU = Release|Any CPU
	EndGlobalSection
	GlobalSection(ProjectConfigurationPlatforms) = postSolution
		{A2011676-2031-4FD5-BA78-C671E8B2C956}.Debug|Any CPU.ActiveCfg = Debug|Any CPU
		{A2011676-2031-4FD5-BA78-C671E8B2C956}.Debug|Any CPU.Build.0 = Debug|Any CPU
		{A2011676-2031-4FD5-BA78-C671E8B2C956}.Release|Any CPU.ActiveCfg = Release|Any CPU
		{A2011676-2031-4FD5-BA78-C671E8B2C956}.Release|Any CPU.Build.0 = Release|Any CPU
	EndGlobalSection
	GlobalSection(SolutionProperties) = preSolution
		HideSolutionNode = FALSE
	EndGlobalSection
	GlobalSection(ExtensibilityGlobals) = postSolution
		SolutionGuid = {02048BD0-D643-4857-8BC9-28B2B4F11831}
	EndGlobalSection
EndGlobal
